
Microsoft Visual Studio Solution File, Format Version 12.00
# Visual Studio Version 17
VisualStudioVersion = 17.11.35327.3
MinimumVisualStudioVersion = 10.0.40219.1
Project("{FAE04EC0-301F-11D3-BF4B-00C04F79EFBC}") = "ödevvvvvv", "ödevvvvvv\ödevvvvvv.csproj", "{8D6EBD7B-B842-40BC-AADA-5B27EBFBAAF2}"
EndProject
Global
	GlobalSection(SolutionConfigurationPlatforms) = preSolution
		Debug|Any CPU = Debug|Any CPU
		Release|Any CPU = Release|Any CPU
	EndGlobalSection
	GlobalSection(ProjectConfigurationPlatforms) = postSolution
		{8D6EBD7B-B842-40BC-AADA-5B27EBFBAAF2}.Debug|Any CPU.ActiveCfg = Debug|Any CPU
		{8D6EBD7B-B842-40BC-AADA-5B27EBFBAAF2}.Debug|Any CPU.Build.0 = Debug|Any CPU
		{8D6EBD7B-B842-40BC-AADA-5B27EBFBAAF2}.Release|Any CPU.ActiveCfg = Release|Any CPU
		{8D6EBD7B-B842-40BC-AADA-5B27EBFBAAF2}.Release|Any CPU.Build.0 = Release|Any CPU
	EndGlobalSection
	GlobalSection(SolutionProperties) = preSolution
		HideSolutionNode = FALSE
	EndGlobalSection
	GlobalSection(ExtensibilityGlobals) = postSolution
		SolutionGuid = {857C87C3-2382-4672-97DC-70BE528E29BE}
	EndGlobalSection
EndGlobal
