
Microsoft Visual Studio Solution File, Format Version 12.00
# Visual Studio Version 17
VisualStudioVersion = 17.11.35327.3
MinimumVisualStudioVersion = 10.0.40219.1
Project("{FAE04EC0-301F-11D3-BF4B-00C04F79EFBC}") = "312", "312\312.csproj", "{C75899A5-B246-442F-81FA-DA002B0F1634}"
EndProject
Global
	GlobalSection(SolutionConfigurationPlatforms) = preSolution
		Debug|Any CPU = Debug|Any CPU
		Release|Any CPU = Release|Any CPU
	EndGlobalSection
	GlobalSection(ProjectConfigurationPlatforms) = postSolution
		{C75899A5-B246-442F-81FA-DA002B0F1634}.Debug|Any CPU.ActiveCfg = Debug|Any CPU
		{C75899A5-B246-442F-81FA-DA002B0F1634}.Debug|Any CPU.Build.0 = Debug|Any CPU
		{C75899A5-B246-442F-81FA-DA002B0F1634}.Release|Any CPU.ActiveCfg = Release|Any CPU
		{C75899A5-B246-442F-81FA-DA002B0F1634}.Release|Any CPU.Build.0 = Release|Any CPU
	EndGlobalSection
	GlobalSection(SolutionProperties) = preSolution
		HideSolutionNode = FALSE
	EndGlobalSection
	GlobalSection(ExtensibilityGlobals) = postSolution
		SolutionGuid = {40FE8E55-53FD-463E-A92A-FDEC20822BB1}
	EndGlobalSection
EndGlobal
